
Microsoft Visual Studio Solution File, Format Version 12.00
# Visual Studio Version 16
VisualStudioVersion = 16.0.31702.278
MinimumVisualStudioVersion = 10.0.40219.1
Project("{FAE04EC0-301F-11D3-BF4B-00C04F79EFBC}") = "CareoBack", "CareoBack\CareoBack.csproj", "{AB0AC339-B8CC-426E-BD0C-07ECA9599DCA}"
EndProject
Global
	GlobalSection(SolutionConfigurationPlatforms) = preSolution
		Debug|Any CPU = Debug|Any CPU
		Release|Any CPU = Release|Any CPU
	EndGlobalSection
	GlobalSection(ProjectConfigurationPlatforms) = postSolution
		{AB0AC339-B8CC-426E-BD0C-07ECA9599DCA}.Debug|Any CPU.ActiveCfg = Debug|Any CPU
		{AB0AC339-B8CC-426E-BD0C-07ECA9599DCA}.Debug|Any CPU.Build.0 = Debug|Any CPU
		{AB0AC339-B8CC-426E-BD0C-07ECA9599DCA}.Release|Any CPU.ActiveCfg = Release|Any CPU
		{AB0AC339-B8CC-426E-BD0C-07ECA9599DCA}.Release|Any CPU.Build.0 = Release|Any CPU
	EndGlobalSection
	GlobalSection(SolutionProperties) = preSolution
		HideSolutionNode = FALSE
	EndGlobalSection
	GlobalSection(ExtensibilityGlobals) = postSolution
		SolutionGuid = {B74C1522-6D10-4449-AC96-FC39C49F1437}
	EndGlobalSection
EndGlobal
